
Microsoft Visual Studio Solution File, Format Version 12.00
# Visual Studio 15
Project("{FAE04EC0-301F-11D3-BF4B-00C04F79EFBC}") = "Assembly-CSharp", "Assembly-CSharp.csproj", "{714C7DD9-1E2B-0D39-9907-5D3DAF47E711}"
EndProject
Project("{FAE04EC0-301F-11D3-BF4B-00C04F79EFBC}") = "Assembly-CSharp-Editor", "Assembly-CSharp-Editor.csproj", "{70C18457-4F67-F6F1-5699-8FCA952AA1FE}"
EndProject
Global
	GlobalSection(SolutionConfigurationPlatforms) = preSolution
		Debug|Any CPU = Debug|Any CPU
		Release|Any CPU = Release|Any CPU
	EndGlobalSection
	GlobalSection(ProjectConfigurationPlatforms) = postSolution
		{714C7DD9-1E2B-0D39-9907-5D3DAF47E711}.Debug|Any CPU.ActiveCfg = Debug|Any CPU
		{714C7DD9-1E2B-0D39-9907-5D3DAF47E711}.Debug|Any CPU.Build.0 = Debug|Any CPU
		{714C7DD9-1E2B-0D39-9907-5D3DAF47E711}.Release|Any CPU.ActiveCfg = Release|Any CPU
		{714C7DD9-1E2B-0D39-9907-5D3DAF47E711}.Release|Any CPU.Build.0 = Release|Any CPU
		{70C18457-4F67-F6F1-5699-8FCA952AA1FE}.Debug|Any CPU.ActiveCfg = Debug|Any CPU
		{70C18457-4F67-F6F1-5699-8FCA952AA1FE}.Debug|Any CPU.Build.0 = Debug|Any CPU
		{70C18457-4F67-F6F1-5699-8FCA952AA1FE}.Release|Any CPU.ActiveCfg = Release|Any CPU
		{70C18457-4F67-F6F1-5699-8FCA952AA1FE}.Release|Any CPU.Build.0 = Release|Any CPU
	EndGlobalSection
	GlobalSection(SolutionProperties) = preSolution
		HideSolutionNode = FALSE
	EndGlobalSection
EndGlobal
